
Microsoft Visual Studio Solution File, Format Version 12.00
# Visual Studio Version 16
VisualStudioVersion = 16.0.30907.101
MinimumVisualStudioVersion = 10.0.40219.1
Project("{FAE04EC0-301F-11D3-BF4B-00C04F79EFBC}") = "Session08.DI", "Session08.DI\Session08.DI.csproj", "{CF223A84-EF55-400B-AAE3-C401B193F501}"
EndProject
Global
	GlobalSection(SolutionConfigurationPlatforms) = preSolution
		Debug|Any CPU = Debug|Any CPU
		Release|Any CPU = Release|Any CPU
	EndGlobalSection
	GlobalSection(ProjectConfigurationPlatforms) = postSolution
		{CF223A84-EF55-400B-AAE3-C401B193F501}.Debug|Any CPU.ActiveCfg = Debug|Any CPU
		{CF223A84-EF55-400B-AAE3-C401B193F501}.Debug|Any CPU.Build.0 = Debug|Any CPU
		{CF223A84-EF55-400B-AAE3-C401B193F501}.Release|Any CPU.ActiveCfg = Release|Any CPU
		{CF223A84-EF55-400B-AAE3-C401B193F501}.Release|Any CPU.Build.0 = Release|Any CPU
	EndGlobalSection
	GlobalSection(SolutionProperties) = preSolution
		HideSolutionNode = FALSE
	EndGlobalSection
	GlobalSection(ExtensibilityGlobals) = postSolution
		SolutionGuid = {79F115B4-8827-4A61-8705-B75A917692D3}
	EndGlobalSection
EndGlobal
