
Microsoft Visual Studio Solution File, Format Version 12.00
# Visual Studio Version 16
VisualStudioVersion = 16.0.30907.101
MinimumVisualStudioVersion = 10.0.40219.1
Project("{FAE04EC0-301F-11D3-BF4B-00C04F79EFBC}") = "PF.StaticFiles", "PF.StaticFiles\PF.StaticFiles.csproj", "{55C0A04C-CFDE-463E-A134-77984A2AD94C}"
EndProject
Project("{FAE04EC0-301F-11D3-BF4B-00C04F79EFBC}") = "PF.HttpsTest", "PF.HttpsTest\PF.HttpsTest.csproj", "{D648BB71-71C5-416B-A06D-24C8D0C99E24}"
EndProject
Project("{FAE04EC0-301F-11D3-BF4B-00C04F79EFBC}") = "PF.Cookies", "PF.Cookies\PF.Cookies.csproj", "{C6FAF300-394E-4A71-98F1-2C0E71C3185A}"
EndProject
Global
	GlobalSection(SolutionConfigurationPlatforms) = preSolution
		Debug|Any CPU = Debug|Any CPU
		Release|Any CPU = Release|Any CPU
	EndGlobalSection
	GlobalSection(ProjectConfigurationPlatforms) = postSolution
		{55C0A04C-CFDE-463E-A134-77984A2AD94C}.Debug|Any CPU.ActiveCfg = Debug|Any CPU
		{55C0A04C-CFDE-463E-A134-77984A2AD94C}.Debug|Any CPU.Build.0 = Debug|Any CPU
		{55C0A04C-CFDE-463E-A134-77984A2AD94C}.Release|Any CPU.ActiveCfg = Release|Any CPU
		{55C0A04C-CFDE-463E-A134-77984A2AD94C}.Release|Any CPU.Build.0 = Release|Any CPU
		{D648BB71-71C5-416B-A06D-24C8D0C99E24}.Debug|Any CPU.ActiveCfg = Debug|Any CPU
		{D648BB71-71C5-416B-A06D-24C8D0C99E24}.Debug|Any CPU.Build.0 = Debug|Any CPU
		{D648BB71-71C5-416B-A06D-24C8D0C99E24}.Release|Any CPU.ActiveCfg = Release|Any CPU
		{D648BB71-71C5-416B-A06D-24C8D0C99E24}.Release|Any CPU.Build.0 = Release|Any CPU
		{C6FAF300-394E-4A71-98F1-2C0E71C3185A}.Debug|Any CPU.ActiveCfg = Debug|Any CPU
		{C6FAF300-394E-4A71-98F1-2C0E71C3185A}.Debug|Any CPU.Build.0 = Debug|Any CPU
		{C6FAF300-394E-4A71-98F1-2C0E71C3185A}.Release|Any CPU.ActiveCfg = Release|Any CPU
		{C6FAF300-394E-4A71-98F1-2C0E71C3185A}.Release|Any CPU.Build.0 = Release|Any CPU
	EndGlobalSection
	GlobalSection(SolutionProperties) = preSolution
		HideSolutionNode = FALSE
	EndGlobalSection
	GlobalSection(ExtensibilityGlobals) = postSolution
		SolutionGuid = {2120D473-00AE-4A98-A472-D95F55E4A883}
	EndGlobalSection
EndGlobal
